
Microsoft Visual Studio Solution File, Format Version 12.00
# Visual Studio Version 16
VisualStudioVersion = 16.0.30204.135
MinimumVisualStudioVersion = 10.0.40219.1
Project("{FAE04EC0-301F-11D3-BF4B-00C04F79EFBC}") = "ServerApp", "ServerApp\ServerApp.csproj", "{CE8801C7-3F9D-4B43-BCA6-B847C179266D}"
EndProject
Global
	GlobalSection(SolutionConfigurationPlatforms) = preSolution
		Debug|Any CPU = Debug|Any CPU
		Release|Any CPU = Release|Any CPU
	EndGlobalSection
	GlobalSection(ProjectConfigurationPlatforms) = postSolution
		{CE8801C7-3F9D-4B43-BCA6-B847C179266D}.Debug|Any CPU.ActiveCfg = Debug|Any CPU
		{CE8801C7-3F9D-4B43-BCA6-B847C179266D}.Debug|Any CPU.Build.0 = Debug|Any CPU
		{CE8801C7-3F9D-4B43-BCA6-B847C179266D}.Release|Any CPU.ActiveCfg = Release|Any CPU
		{CE8801C7-3F9D-4B43-BCA6-B847C179266D}.Release|Any CPU.Build.0 = Release|Any CPU
	EndGlobalSection
	GlobalSection(SolutionProperties) = preSolution
		HideSolutionNode = FALSE
	EndGlobalSection
	GlobalSection(ExtensibilityGlobals) = postSolution
		SolutionGuid = {5BD9192F-465D-46AD-8DB5-374CBF3B0263}
	EndGlobalSection
EndGlobal
